# THIS IS AN AUTOGENERATED FILE. DO NOT EDIT THIS FILE DIRECTLY.
# yarn lockfile v1


"@babel/runtime@^7.4.5":
  "integrity" "sha512-WBwekcqacdY2e9AF/Q7WLFUWmdJGJTkbjqTjoMDgXkVZ3ZRUvOPsLb5KdwISoQVsbP+DQzVZW4Zhci0DvpbNTQ=="
  "resolved" "https://registry.npmmirror.com/@babel/runtime/download/@babel/runtime-7.16.3.tgz?cache=0&sync_timestamp=1636503781679&other_urls=https%3A%2F%2Fregistry.npmmirror.com%2F%40babel%2Fruntime%2Fdownload%2F%40babel%2Fruntime-7.16.3.tgz"
  "version" "7.16.3"
  dependencies:
    "regenerator-runtime" "^0.13.4"

"@captemulation/get-parameter-names@^1.4.2":
  "integrity" "sha1-Xi5SmJ3m/2fbWm/nWyLPyrrdV00="
  "resolved" "https://registry.npmmirror.com/@captemulation/get-parameter-names/download/@captemulation/get-parameter-names-1.4.2.tgz"
  "version" "1.4.2"
  dependencies:
    "@babel/runtime" "^7.4.5"
    "debug" "^4.1.1"

"@types/reflect-metadata@^0.1.0":
  "integrity" "sha1-WSgFvfbWPdcil3Mhiv66N6wuqxY="
  "resolved" "https://registry.npmmirror.com/@types/reflect-metadata/download/@types/reflect-metadata-0.1.0.tgz"
  "version" "0.1.0"
  dependencies:
    "reflect-metadata" "*"

"class-validator@^0.13.2":
  "integrity" "sha512-yBUcQy07FPlGzUjoLuUfIOXzgynnQPPruyK1Ge2B74k9ROwnle1E+NxLWnUv5OLU8hA/qL5leAE9XnXq3byaBw=="
  "resolved" "https://registry.npmmirror.com/class-validator/download/class-validator-0.13.2.tgz"
  "version" "0.13.2"
  dependencies:
    "libphonenumber-js" "^1.9.43"
    "validator" "^13.7.0"

"debug@^4.1.1":
  "integrity" "sha1-8KScGKyHeeMdSgxgKd+3aHPHQos="
  "resolved" "https://registry.npmmirror.com/debug/download/debug-4.3.2.tgz?cache=0&sync_timestamp=1636300872595&other_urls=https%3A%2F%2Fregistry.npmmirror.com%2Fdebug%2Fdownload%2Fdebug-4.3.2.tgz"
  "version" "4.3.2"
  dependencies:
    "ms" "2.1.2"

"libphonenumber-js@^1.9.43":
  "integrity" "sha512-tNB87ZutAiAkl3DE/Bo0Mxqn/XZbNxhPg4v9bYBwQQW4dlhBGqXl1vtmPxeDWbrijzwOA9vRjOOFm5V9SK/W3w=="
  "resolved" "https://registry.npmmirror.com/libphonenumber-js/download/libphonenumber-js-1.9.43.tgz"
  "version" "1.9.43"

"ms@2.1.2":
  "integrity" "sha1-0J0fNXtEP0kzgqjrPM0YOHKuYAk="
  "resolved" "https://registry.npmmirror.com/ms/download/ms-2.1.2.tgz"
  "version" "2.1.2"

"reflect-metadata@*", "reflect-metadata@^0.1.13":
  "integrity" "sha1-Z648pXyXKiqhZCsQ/jY/4y1J3Ag="
  "resolved" "https://registry.npmmirror.com/reflect-metadata/download/reflect-metadata-0.1.13.tgz"
  "version" "0.1.13"

"regenerator-runtime@^0.13.4":
  "integrity" "sha1-iSV0Kpj/2QgUmI11Zq0wyjsmO1I="
  "resolved" "https://registry.npmmirror.com/regenerator-runtime/download/regenerator-runtime-0.13.9.tgz"
  "version" "0.13.9"

"validator@^13.7.0":
  "integrity" "sha1-T5ZYuhO6jz2C7ogdNRZInqhcCFc="
  "resolved" "https://registry.npmmirror.com/validator/download/validator-13.7.0.tgz"
  "version" "13.7.0"
